apiVersion: vendir.k14s.io/v1alpha1
directories:
- contents:
  - git:
      commitTitle: 'skill-validator: restore 15K aggregate cap as the real Copilot
        CLI skill-menu budget (#803)...'
      sha: 592a53008e550aadd46e955f155a31a491b5a6a2
      tags:
      - skill-validator-nightly-14-g592a530
    path: dotnet-skills
  path: upstreams
kind: LockConfig
