apiVersion: vendir.k14s.io/v1alpha1
directories:
- contents:
  - git:
      commitTitle: Add blazor skills to dotnet-blazor plugin (#357)...
      sha: 198e58c98363999372f38553bd4ab89e2e8a18ba
      tags:
      - skill-validator-nightly-6-g198e58c
    path: dotnet-skills
  path: upstreams
kind: LockConfig
