apiVersion: vendir.k14s.io/v1alpha1
directories:
- contents:
  - git:
      commitTitle: Bump the github-actions-dependencies group across 1 directory with
        3 updates (#631)...
      sha: 4a4c424ee43f60354230389e96c39053307121d8
      tags:
      - skill-validator-nightly-4-g4a4c424
    path: dotnet-skills
  path: upstreams
kind: LockConfig
